
Microsoft Visual Studio Solution File, Format Version 12.00
# Visual Studio Version 16
VisualStudioVersion = 16.0.30406.217
MinimumVisualStudioVersion = 10.0.40219.1
Project("{FAE04EC0-301F-11D3-BF4B-00C04F79EFBC}") = "TaskTimer", "TaskTimer\TaskTimer.csproj", "{F378A9E4-E276-462F-8262-67D975C33CA4}"
EndProject
Global
	GlobalSection(SolutionConfigurationPlatforms) = preSolution
		Debug|Any CPU = Debug|Any CPU
		Release|Any CPU = Release|Any CPU
	EndGlobalSection
	GlobalSection(ProjectConfigurationPlatforms) = postSolution
		{F378A9E4-E276-462F-8262-67D975C33CA4}.Debug|Any CPU.ActiveCfg = Debug|Any CPU
		{F378A9E4-E276-462F-8262-67D975C33CA4}.Debug|Any CPU.Build.0 = Debug|Any CPU
		{F378A9E4-E276-462F-8262-67D975C33CA4}.Release|Any CPU.ActiveCfg = Release|Any CPU
		{F378A9E4-E276-462F-8262-67D975C33CA4}.Release|Any CPU.Build.0 = Release|Any CPU
	EndGlobalSection
	GlobalSection(SolutionProperties) = preSolution
		HideSolutionNode = FALSE
	EndGlobalSection
	GlobalSection(ExtensibilityGlobals) = postSolution
		SolutionGuid = {E6E70980-973A-428C-B0F4-0C6732206727}
	EndGlobalSection
EndGlobal
